
Microsoft Visual Studio Solution File, Format Version 12.00
# Visual Studio Version 17
VisualStudioVersion = 17.0.32112.339
MinimumVisualStudioVersion = 10.0.40219.1
Project("{2150E333-8FDC-42A3-9474-1A3956D46DE8}") = "Shared", "Shared", "{7D4F09E0-A96A-4909-8A6E-D599DC52DC12}"
EndProject
Project("{2150E333-8FDC-42A3-9474-1A3956D46DE8}") = "Server", "Server", "{4FE7295B-5C6F-4BBC-B174-0D78FAE57055}"
EndProject
Project("{2150E333-8FDC-42A3-9474-1A3956D46DE8}") = "Client", "Client", "{4A111DC2-8FA4-4086-87ED-A4F4839B4202}"
EndProject
Project("{9A19103F-16F7-4668-BE54-9A1E7A4F7556}") = "Tac.Stream.Tv.Client.WebApp", "Client\Tac.Stream.Tv.Client.WebApp\Tac.Stream.Tv.Client.WebApp.csproj", "{8A3C7C3A-2B2E-4569-BE9C-BF76992C41E4}"
EndProject
Project("{9A19103F-16F7-4668-BE54-9A1E7A4F7556}") = "Tac.Stream.Tv.Server.WebApi", "Server\Tac.Stream.Tv.Server.WebApi\Tac.Stream.Tv.Server.WebApi.csproj", "{BC1DFFB0-7620-4634-97C1-5484B3A1659F}"
EndProject
Project("{9A19103F-16F7-4668-BE54-9A1E7A4F7556}") = "Tac.Stream.Tv.Server.Manager", "Server\Tac.Stream.Tv.Server.Manager\Tac.Stream.Tv.Server.Manager.csproj", "{92CFAB91-0F70-4DBD-9276-34ABE348D421}"
EndProject
Project("{9A19103F-16F7-4668-BE54-9A1E7A4F7556}") = "Tac.Stream.Tv.Server.Manager.Entities", "Server\Tac.Stream.Tv.Server.Manager.Entities\Tac.Stream.Tv.Server.Manager.Entities.csproj", "{D5FBE285-FDDD-44BC-983D-79899C301ADB}"
EndProject
Project("{9A19103F-16F7-4668-BE54-9A1E7A4F7556}") = "Tac.Stream.Tv.Shared", "Shared\Tac.Stream.Tv.Shared\Tac.Stream.Tv.Shared.csproj", "{C5ED0CDB-B468-437C-920A-70678303BE04}"
EndProject
Global
	GlobalSection(SolutionConfigurationPlatforms) = preSolution
		Debug|Any CPU = Debug|Any CPU
		Release|Any CPU = Release|Any CPU
	EndGlobalSection
	GlobalSection(ProjectConfigurationPlatforms) = postSolution
		{8A3C7C3A-2B2E-4569-BE9C-BF76992C41E4}.Debug|Any CPU.ActiveCfg = Debug|Any CPU
		{8A3C7C3A-2B2E-4569-BE9C-BF76992C41E4}.Debug|Any CPU.Build.0 = Debug|Any CPU
		{8A3C7C3A-2B2E-4569-BE9C-BF76992C41E4}.Release|Any CPU.ActiveCfg = Release|Any CPU
		{8A3C7C3A-2B2E-4569-BE9C-BF76992C41E4}.Release|Any CPU.Build.0 = Release|Any CPU
		{BC1DFFB0-7620-4634-97C1-5484B3A1659F}.Debug|Any CPU.ActiveCfg = Debug|Any CPU
		{BC1DFFB0-7620-4634-97C1-5484B3A1659F}.Debug|Any CPU.Build.0 = Debug|Any CPU
		{BC1DFFB0-7620-4634-97C1-5484B3A1659F}.Release|Any CPU.ActiveCfg = Release|Any CPU
		{BC1DFFB0-7620-4634-97C1-5484B3A1659F}.Release|Any CPU.Build.0 = Release|Any CPU
		{92CFAB91-0F70-4DBD-9276-34ABE348D421}.Debug|Any CPU.ActiveCfg = Debug|Any CPU
		{92CFAB91-0F70-4DBD-9276-34ABE348D421}.Debug|Any CPU.Build.0 = Debug|Any CPU
		{92CFAB91-0F70-4DBD-9276-34ABE348D421}.Release|Any CPU.ActiveCfg = Release|Any CPU
		{92CFAB91-0F70-4DBD-9276-34ABE348D421}.Release|Any CPU.Build.0 = Release|Any CPU
		{D5FBE285-FDDD-44BC-983D-79899C301ADB}.Debug|Any CPU.ActiveCfg = Debug|Any CPU
		{D5FBE285-FDDD-44BC-983D-79899C301ADB}.Debug|Any CPU.Build.0 = Debug|Any CPU
		{D5FBE285-FDDD-44BC-983D-79899C301ADB}.Release|Any CPU.ActiveCfg = Release|Any CPU
		{D5FBE285-FDDD-44BC-983D-79899C301ADB}.Release|Any CPU.Build.0 = Release|Any CPU
		{C5ED0CDB-B468-437C-920A-70678303BE04}.Debug|Any CPU.ActiveCfg = Debug|Any CPU
		{C5ED0CDB-B468-437C-920A-70678303BE04}.Debug|Any CPU.Build.0 = Debug|Any CPU
		{C5ED0CDB-B468-437C-920A-70678303BE04}.Release|Any CPU.ActiveCfg = Release|Any CPU
		{C5ED0CDB-B468-437C-920A-70678303BE04}.Release|Any CPU.Build.0 = Release|Any CPU
	EndGlobalSection
	GlobalSection(SolutionProperties) = preSolution
		HideSolutionNode = FALSE
	EndGlobalSection
	GlobalSection(NestedProjects) = preSolution
		{8A3C7C3A-2B2E-4569-BE9C-BF76992C41E4} = {4A111DC2-8FA4-4086-87ED-A4F4839B4202}
		{BC1DFFB0-7620-4634-97C1-5484B3A1659F} = {4FE7295B-5C6F-4BBC-B174-0D78FAE57055}
		{92CFAB91-0F70-4DBD-9276-34ABE348D421} = {4FE7295B-5C6F-4BBC-B174-0D78FAE57055}
		{D5FBE285-FDDD-44BC-983D-79899C301ADB} = {4FE7295B-5C6F-4BBC-B174-0D78FAE57055}
		{C5ED0CDB-B468-437C-920A-70678303BE04} = {7D4F09E0-A96A-4909-8A6E-D599DC52DC12}
	EndGlobalSection
	GlobalSection(ExtensibilityGlobals) = postSolution
		SolutionGuid = {38042981-468E-4879-92F3-5F299FA818B1}
	EndGlobalSection
EndGlobal
