
Microsoft Visual Studio Solution File, Format Version 12.00
# Visual Studio Version 17
VisualStudioVersion = 17.0.32112.339
MinimumVisualStudioVersion = 10.0.40219.1
Project("{FAE04EC0-301F-11D3-BF4B-00C04F79EFBC}") = "Tac.Stream.Tv.WebApi", "Tac.Stream.Tv.WebApi.csproj", "{9B814D11-100B-4E70-AC63-6A43CBAC2BD9}"
EndProject
Project("{FAE04EC0-301F-11D3-BF4B-00C04F79EFBC}") = "Tac.Stream.Tv.Steam", "..\Tac.Stream.Tv.Steam\Tac.Stream.Tv.Steam.csproj", "{E9335335-6298-41B0-B775-90EAD7AA74C4}"
EndProject
Project("{FAE04EC0-301F-11D3-BF4B-00C04F79EFBC}") = "Tac.Stream.Tv.Obs", "..\Tac.Stream.Tv.Obs\Tac.Stream.Tv.Obs.csproj", "{61F31B92-27AC-4067-B8D3-8F62D2955903}"
EndProject
Project("{FAE04EC0-301F-11D3-BF4B-00C04F79EFBC}") = "Tac.Stream.Tv.State", "..\Tac.Stream.Tv.State\Tac.Stream.Tv.State.csproj", "{052AD9AE-EC2B-4E5C-ACA1-38E0BBC8936B}"
EndProject
Project("{FAE04EC0-301F-11D3-BF4B-00C04F79EFBC}") = "Tac.Stream.Tv.WebApi.Models", "..\Tac.Stream.Tv.WebApi.Models\Tac.Stream.Tv.WebApi.Models.csproj", "{3CF11A36-4677-47DB-A2B2-1D2D3427AE11}"
EndProject
Project("{FAE04EC0-301F-11D3-BF4B-00C04F79EFBC}") = "Tac.Stream.Tv.WebApp", "..\Tac.Stream.Tv.WebApp\Tac.Stream.Tv.WebApp.csproj", "{E0D6AD2E-014D-4E8E-B0EE-400F82984AA7}"
EndProject
Global
	GlobalSection(SolutionConfigurationPlatforms) = preSolution
		Debug|Any CPU = Debug|Any CPU
		Release|Any CPU = Release|Any CPU
	EndGlobalSection
	GlobalSection(ProjectConfigurationPlatforms) = postSolution
		{9B814D11-100B-4E70-AC63-6A43CBAC2BD9}.Debug|Any CPU.ActiveCfg = Debug|Any CPU
		{9B814D11-100B-4E70-AC63-6A43CBAC2BD9}.Debug|Any CPU.Build.0 = Debug|Any CPU
		{9B814D11-100B-4E70-AC63-6A43CBAC2BD9}.Release|Any CPU.ActiveCfg = Release|Any CPU
		{9B814D11-100B-4E70-AC63-6A43CBAC2BD9}.Release|Any CPU.Build.0 = Release|Any CPU
		{E9335335-6298-41B0-B775-90EAD7AA74C4}.Debug|Any CPU.ActiveCfg = Debug|Any CPU
		{E9335335-6298-41B0-B775-90EAD7AA74C4}.Debug|Any CPU.Build.0 = Debug|Any CPU
		{E9335335-6298-41B0-B775-90EAD7AA74C4}.Release|Any CPU.ActiveCfg = Release|Any CPU
		{E9335335-6298-41B0-B775-90EAD7AA74C4}.Release|Any CPU.Build.0 = Release|Any CPU
		{61F31B92-27AC-4067-B8D3-8F62D2955903}.Debug|Any CPU.ActiveCfg = Debug|Any CPU
		{61F31B92-27AC-4067-B8D3-8F62D2955903}.Debug|Any CPU.Build.0 = Debug|Any CPU
		{61F31B92-27AC-4067-B8D3-8F62D2955903}.Release|Any CPU.ActiveCfg = Release|Any CPU
		{61F31B92-27AC-4067-B8D3-8F62D2955903}.Release|Any CPU.Build.0 = Release|Any CPU
		{052AD9AE-EC2B-4E5C-ACA1-38E0BBC8936B}.Debug|Any CPU.ActiveCfg = Debug|Any CPU
		{052AD9AE-EC2B-4E5C-ACA1-38E0BBC8936B}.Debug|Any CPU.Build.0 = Debug|Any CPU
		{052AD9AE-EC2B-4E5C-ACA1-38E0BBC8936B}.Release|Any CPU.ActiveCfg = Release|Any CPU
		{052AD9AE-EC2B-4E5C-ACA1-38E0BBC8936B}.Release|Any CPU.Build.0 = Release|Any CPU
		{3CF11A36-4677-47DB-A2B2-1D2D3427AE11}.Debug|Any CPU.ActiveCfg = Debug|Any CPU
		{3CF11A36-4677-47DB-A2B2-1D2D3427AE11}.Debug|Any CPU.Build.0 = Debug|Any CPU
		{3CF11A36-4677-47DB-A2B2-1D2D3427AE11}.Release|Any CPU.ActiveCfg = Release|Any CPU
		{3CF11A36-4677-47DB-A2B2-1D2D3427AE11}.Release|Any CPU.Build.0 = Release|Any CPU
		{E0D6AD2E-014D-4E8E-B0EE-400F82984AA7}.Debug|Any CPU.ActiveCfg = Debug|Any CPU
		{E0D6AD2E-014D-4E8E-B0EE-400F82984AA7}.Debug|Any CPU.Build.0 = Debug|Any CPU
		{E0D6AD2E-014D-4E8E-B0EE-400F82984AA7}.Release|Any CPU.ActiveCfg = Release|Any CPU
		{E0D6AD2E-014D-4E8E-B0EE-400F82984AA7}.Release|Any CPU.Build.0 = Release|Any CPU
	EndGlobalSection
	GlobalSection(SolutionProperties) = preSolution
		HideSolutionNode = FALSE
	EndGlobalSection
	GlobalSection(ExtensibilityGlobals) = postSolution
		SolutionGuid = {38042981-468E-4879-92F3-5F299FA818B1}
	EndGlobalSection
EndGlobal
